// !$*UTF8*$!
{
	archiveVersion = 1;
	classes = {
	};
	objectVersion = 56;
	objects = {

/* Begin PBXBuildFile section */
		331C212E2ACB6D39006879EF /* AppDelegate.swift in Sources */ = {isa = PBXBuildFile; fileRef = 331C212D2ACB6D39006879EF /* AppDelegate.swift */; };
		331C21302ACB6D39006879EF /* SceneDelegate.swift in Sources */ = {isa = PBXBuildFile; fileRef = 331C212F2ACB6D39006879EF /* SceneDelegate.swift */; };
		331C21322ACB6D39006879EF /* ViewController.swift in Sources */ = {isa = PBXBuildFile; fileRef = 331C21312ACB6D39006879EF /* ViewController.swift */; };
		331C21352ACB6D39006879EF /* Main.storyboard in Resources */ = {isa = PBXBuildFile; fileRef = 331C21332ACB6D39006879EF /* Main.storyboard */; };
		331C21372ACB6D39006879EF /* Assets.xcassets in Resources */ = {isa = PBXBuildFile; fileRef = 331C21362ACB6D39006879EF /* Assets.xcassets */; };
		331C213A2ACB6D39006879EF /* LaunchScreen.storyboard in Resources */ = {isa = PBXBuildFile; fileRef = 331C21382ACB6D39006879EF /* LaunchScreen.storyboard */; };
		331C21472ACCF728006879EF /* Crypto.swift in Sources */ = {isa = PBXBuildFile; fileRef = 331C21462ACCF728006879EF /* Crypto.swift */; };
		331C21492ACCFC37006879EF /* Webservice.swift in Sources */ = {isa = PBXBuildFile; fileRef = 331C21482ACCFC37006879EF /* Webservice.swift */; };
		331C218E2AD20CD9006879EF /* CryptoViewModel.swift in Sources */ = {isa = PBXBuildFile; fileRef = 331C218D2AD20CD9006879EF /* CryptoViewModel.swift */; };
		331C21912AD227AB006879EF /* RxCocoa in Frameworks */ = {isa = PBXBuildFile; productRef = 331C21902AD227AB006879EF /* RxCocoa */; };
		331C21932AD227AB006879EF /* RxSwift in Frameworks */ = {isa = PBXBuildFile; productRef = 331C21922AD227AB006879EF /* RxSwift */; };
		331C21952AD227AB006879EF /* RxSwift-Dynamic in Frameworks */ = {isa = PBXBuildFile; productRef = 331C21942AD227AB006879EF /* RxSwift-Dynamic */; };
		331C21972AD227AB006879EF /* RxTest in Frameworks */ = {isa = PBXBuildFile; productRef = 331C21962AD227AB006879EF /* RxTest */; };
/* End PBXBuildFile section */

/* Begin PBXFileReference section */
		331C212A2ACB6D39006879EF /* CryptoCrazyRxMVVM.app */ = {isa = PBXFileReference; explicitFileType = wrapper.application; includeInIndex = 0; path = CryptoCrazyRxMVVM.app; sourceTree = BUILT_PRODUCTS_DIR; };
		331C212D2ACB6D39006879EF /* AppDelegate.swift */ = {isa = PBXFileReference; lastKnownFileType = sourcecode.swift; path = AppDelegate.swift; sourceTree = "<group>"; };
		331C212F2ACB6D39006879EF /* SceneDelegate.swift */ = {isa = PBXFileReference; lastKnownFileType = sourcecode.swift; path = SceneDelegate.swift; sourceTree = "<group>"; };
		331C21312ACB6D39006879EF /* ViewController.swift */ = {isa = PBXFileReference; lastKnownFileType = sourcecode.swift; path = ViewController.swift; sourceTree = "<group>"; };
		331C21342ACB6D39006879EF /* Base */ = {isa = PBXFileReference; lastKnownFileType = file.storyboard; name = Base; path = Base.lproj/Main.storyboard; sourceTree = "<group>"; };
		331C21362ACB6D39006879EF /* Assets.xcassets */ = {isa = PBXFileReference; lastKnownFileType = folder.assetcatalog; path = Assets.xcassets; sourceTree = "<group>"; };
		331C21392ACB6D39006879EF /* Base */ = {isa = PBXFileReference; lastKnownFileType = file.storyboard; name = Base; path = Base.lproj/LaunchScreen.storyboard; sourceTree = "<group>"; };
		331C213B2ACB6D39006879EF /* Info.plist */ = {isa = PBXFileReference; lastKnownFileType = text.plist.xml; path = Info.plist; sourceTree = "<group>"; };
		331C21462ACCF728006879EF /* Crypto.swift */ = {isa = PBXFileReference; lastKnownFileType = sourcecode.swift; path = Crypto.swift; sourceTree = "<group>"; };
		331C21482ACCFC37006879EF /* Webservice.swift */ = {isa = PBXFileReference; lastKnownFileType = sourcecode.swift; path = Webservice.swift; sourceTree = "<group>"; };
		331C218D2AD20CD9006879EF /* CryptoViewModel.swift */ = {isa = PBXFileReference; lastKnownFileType = sourcecode.swift; path = CryptoViewModel.swift; sourceTree = "<group>"; };
/* End PBXFileReference section */

/* Begin PBXFrameworksBuildPhase section */
		331C21272ACB6D39006879EF /* Frameworks */ = {
			isa = PBXFrameworksBuildPhase;
			buildActionMask = 2147483647;
			files = (
				331C21972AD227AB006879EF /* RxTest in Frameworks */,
				331C21932AD227AB006879EF /* RxSwift in Frameworks */,
				331C21952AD227AB006879EF /* RxSwift-Dynamic in Frameworks */,
				331C21912AD227AB006879EF /* RxCocoa in Frameworks */,
			);
			runOnlyForDeploymentPostprocessing = 0;
		};
/* End PBXFrameworksBuildPhase section */

/* Begin PBXGroup section */
		331C21212ACB6D38006879EF = {
			isa = PBXGroup;
			children = (
				331C212C2ACB6D39006879EF /* CryptoCrazyRxMVVM */,
				331C212B2ACB6D39006879EF /* Products */,
			);
			sourceTree = "<group>";
		};
		331C212B2ACB6D39006879EF /* Products */ = {
			isa = PBXGroup;
			children = (
				331C212A2ACB6D39006879EF /* CryptoCrazyRxMVVM.app */,
			);
			name = Products;
			sourceTree = "<group>";
		};
		331C212C2ACB6D39006879EF /* CryptoCrazyRxMVVM */ = {
			isa = PBXGroup;
			children = (
				331C21452ACB7006006879EF /* Service */,
				331C21442ACB6FD8006879EF /* Model */,
				331C21432ACB6FC9006879EF /* ViewModel */,
				331C21412ACB6F9B006879EF /* View */,
				331C21332ACB6D39006879EF /* Main.storyboard */,
				331C21362ACB6D39006879EF /* Assets.xcassets */,
				331C21382ACB6D39006879EF /* LaunchScreen.storyboard */,
				331C213B2ACB6D39006879EF /* Info.plist */,
			);
			path = CryptoCrazyRxMVVM;
			sourceTree = "<group>";
		};
		331C21412ACB6F9B006879EF /* View */ = {
			isa = PBXGroup;
			children = (
				331C212D2ACB6D39006879EF /* AppDelegate.swift */,
				331C212F2ACB6D39006879EF /* SceneDelegate.swift */,
				331C21312ACB6D39006879EF /* ViewController.swift */,
			);
			path = View;
			sourceTree = "<group>";
		};
		331C21432ACB6FC9006879EF /* ViewModel */ = {
			isa = PBXGroup;
			children = (
				331C218D2AD20CD9006879EF /* CryptoViewModel.swift */,
			);
			path = ViewModel;
			sourceTree = "<group>";
		};
		331C21442ACB6FD8006879EF /* Model */ = {
			isa = PBXGroup;
			children = (
				331C21462ACCF728006879EF /* Crypto.swift */,
			);
			path = Model;
			sourceTree = "<group>";
		};
		331C21452ACB7006006879EF /* Service */ = {
			isa = PBXGroup;
			children = (
				331C21482ACCFC37006879EF /* Webservice.swift */,
			);
			path = Service;
			sourceTree = "<group>";
		};
/* End PBXGroup section */

/* Begin PBXNativeTarget section */
		331C21292ACB6D39006879EF /* CryptoCrazyRxMVVM */ = {
			isa = PBXNativeTarget;
			buildConfigurationList = 331C213E2ACB6D39006879EF /* Build configuration list for PBXNativeTarget "CryptoCrazyRxMVVM" */;
			buildPhases = (
				331C21262ACB6D39006879EF /* Sources */,
				331C21272ACB6D39006879EF /* Frameworks */,
				331C21282ACB6D39006879EF /* Resources */,
			);
			buildRules = (
			);
			dependencies = (
			);
			name = CryptoCrazyRxMVVM;
			packageProductDependencies = (
				331C21902AD227AB006879EF /* RxCocoa */,
				331C21922AD227AB006879EF /* RxSwift */,
				331C21942AD227AB006879EF /* RxSwift-Dynamic */,
				331C21962AD227AB006879EF /* RxTest */,
			);
			productName = CryptoCrazyRxMVVM;
			productReference = 331C212A2ACB6D39006879EF /* CryptoCrazyRxMVVM.app */;
			productType = "com.apple.product-type.application";
		};
/* End PBXNativeTarget section */

/* Begin PBXProject section */
		331C21222ACB6D38006879EF /* Project object */ = {
			isa = PBXProject;
			attributes = {
				BuildIndependentTargetsInParallel = 1;
				LastSwiftUpdateCheck = 1420;
				LastUpgradeCheck = 1420;
				TargetAttributes = {
					331C21292ACB6D39006879EF = {
						CreatedOnToolsVersion = 14.2;
					};
				};
			};
			buildConfigurationList = 331C21252ACB6D38006879EF /* Build configuration list for PBXProject "CryptoCrazyRxMVVM" */;
			compatibilityVersion = "Xcode 14.0";
			developmentRegion = en;
			hasScannedForEncodings = 0;
			knownRegions = (
				en,
				Base,
			);
			mainGroup = 331C21212ACB6D38006879EF;
			packageReferences = (
				331C218F2AD227AB006879EF /* XCRemoteSwiftPackageReference "RxSwift" */,
			);
			productRefGroup = 331C212B2ACB6D39006879EF /* Products */;
			projectDirPath = "";
			projectRoot = "";
			targets = (
				331C21292ACB6D39006879EF /* CryptoCrazyRxMVVM */,
			);
		};
/* End PBXProject section */

/* Begin PBXResourcesBuildPhase section */
		331C21282ACB6D39006879EF /* Resources */ = {
			isa = PBXResourcesBuildPhase;
			buildActionMask = 2147483647;
			files = (
				331C213A2ACB6D39006879EF /* LaunchScreen.storyboard in Resources */,
				331C21372ACB6D39006879EF /* Assets.xcassets in Resources */,
				331C21352ACB6D39006879EF /* Main.storyboard in Resources */,
			);
			runOnlyForDeploymentPostprocessing = 0;
		};
/* End PBXResourcesBuildPhase section */

/* Begin PBXSourcesBuildPhase section */
		331C21262ACB6D39006879EF /* Sources */ = {
			isa = PBXSourcesBuildPhase;
			buildActionMask = 2147483647;
			files = (
				331C21472ACCF728006879EF /* Crypto.swift in Sources */,
				331C21322ACB6D39006879EF /* ViewController.swift in Sources */,
				331C212E2ACB6D39006879EF /* AppDelegate.swift in Sources */,
				331C21492ACCFC37006879EF /* Webservice.swift in Sources */,
				331C21302ACB6D39006879EF /* SceneDelegate.swift in Sources */,
				331C218E2AD20CD9006879EF /* CryptoViewModel.swift in Sources */,
			);
			runOnlyForDeploymentPostprocessing = 0;
		};
/* End PBXSourcesBuildPhase section */

/* Begin PBXVariantGroup section */
		331C21332ACB6D39006879EF /* Main.storyboard */ = {
			isa = PBXVariantGroup;
			children = (
				331C21342ACB6D39006879EF /* Base */,
			);
			name = Main.storyboard;
			sourceTree = "<group>";
		};
		331C21382ACB6D39006879EF /* LaunchScreen.storyboard */ = {
			isa = PBXVariantGroup;
			children = (
				331C21392ACB6D39006879EF /* Base */,
			);
			name = LaunchScreen.storyboard;
			sourceTree = "<group>";
		};
/* End PBXVariantGroup section */

/* Begin XCBuildConfiguration section */
		331C213C2ACB6D39006879EF /* Debug */ = {
			isa = XCBuildConfiguration;
			buildSettings = {
				ALWAYS_SEARCH_USER_PATHS = NO;
				CLANG_ANALYZER_NONNULL = YES;
				CLANG_ANALYZER_NUMBER_OBJECT_CONVERSION = YES_AGGRESSIVE;
				CLANG_CXX_LANGUAGE_STANDARD = "gnu++20";
				CLANG_ENABLE_MODULES = YES;
				CLANG_ENABLE_OBJC_ARC = YES;
				CLANG_ENABLE_OBJC_WEAK = YES;
				CLANG_WARN_BLOCK_CAPTURE_AUTORELEASING = YES;
				CLANG_WARN_BOOL_CONVERSION = YES;
				CLANG_WARN_COMMA = YES;
				CLANG_WARN_CONSTANT_CONVERSION = YES;
				CLANG_WARN_DEPRECATED_OBJC_IMPLEMENTATIONS = YES;
				CLANG_WARN_DIRECT_OBJC_ISA_USAGE = YES_ERROR;
				CLANG_WARN_DOCUMENTATION_COMMENTS = YES;
				CLANG_WARN_EMPTY_BODY = YES;
				CLANG_WARN_ENUM_CONVERSION = YES;
				CLANG_WARN_INFINITE_RECURSION = YES;
				CLANG_WARN_INT_CONVERSION = YES;
				CLANG_WARN_NON_LITERAL_NULL_CONVERSION = YES;
				CLANG_WARN_OBJC_IMPLICIT_RETAIN_SELF = YES;
				CLANG_WARN_OBJC_LITERAL_CONVERSION = YES;
				CLANG_WARN_OBJC_ROOT_CLASS = YES_ERROR;
				CLANG_WARN_QUOTED_INCLUDE_IN_FRAMEWORK_HEADER = YES;
				CLANG_WARN_RANGE_LOOP_ANALYSIS = YES;
				CLANG_WARN_STRICT_PROTOTYPES = YES;
				CLANG_WARN_SUSPICIOUS_MOVE = YES;
				CLANG_WARN_UNGUARDED_AVAILABILITY = YES_AGGRESSIVE;
				CLANG_WARN_UNREACHABLE_CODE = YES;
				CLANG_WARN__DUPLICATE_METHOD_MATCH = YES;
				COPY_PHASE_STRIP = NO;
				DEBUG_INFORMATION_FORMAT = dwarf;
				ENABLE_STRICT_OBJC_MSGSEND = YES;
				ENABLE_TESTABILITY = YES;
				GCC_C_LANGUAGE_STANDARD = gnu11;
				GCC_DYNAMIC_NO_PIC = NO;
				GCC_NO_COMMON_BLOCKS = YES;
				GCC_OPTIMIZATION_LEVEL = 0;
				GCC_PREPROCESSOR_DEFINITIONS = (
					"DEBUG=1",
					"$(inherited)",
				);
				GCC_WARN_64_TO_32_BIT_CONVERSION = YES;
				GCC_WARN_ABOUT_RETURN_TYPE = YES_ERROR;
				GCC_WARN_UNDECLARED_SELECTOR = YES;
				GCC_WARN_UNINITIALIZED_AUTOS = YES_AGGRESSIVE;
				GCC_WARN_UNUSED_FUNCTION = YES;
				GCC_WARN_UNUSED_VARIABLE = YES;
				IPHONEOS_DEPLOYMENT_TARGET = 16.2;
				MTL_ENABLE_DEBUG_INFO = INCLUDE_SOURCE;
				MTL_FAST_MATH = YES;
				ONLY_ACTIVE_ARCH = YES;
				SDKROOT = iphoneos;
				SWIFT_ACTIVE_COMPILATION_CONDITIONS = DEBUG;
				SWIFT_OPTIMIZATION_LEVEL = "-Onone";
			};
			name = Debug;
		};
		331C213D2ACB6D39006879EF /* Release */ = {
			isa = XCBuildConfiguration;
			buildSettings = {
				ALWAYS_SEARCH_USER_PATHS = NO;
				CLANG_ANALYZER_NONNULL = YES;
				CLANG_ANALYZER_NUMBER_OBJECT_CONVERSION = YES_AGGRESSIVE;
				CLANG_CXX_LANGUAGE_STANDARD = "gnu++20";
				CLANG_ENABLE_MODULES = YES;
				CLANG_ENABLE_OBJC_ARC = YES;
				CLANG_ENABLE_OBJC_WEAK = YES;
				CLANG_WARN_BLOCK_CAPTURE_AUTORELEASING = YES;
				CLANG_WARN_BOOL_CONVERSION = YES;
				CLANG_WARN_COMMA = YES;
				CLANG_WARN_CONSTANT_CONVERSION = YES;
				CLANG_WARN_DEPRECATED_OBJC_IMPLEMENTATIONS = YES;
				CLANG_WARN_DIRECT_OBJC_ISA_USAGE = YES_ERROR;
				CLANG_WARN_DOCUMENTATION_COMMENTS = YES;
				CLANG_WARN_EMPTY_BODY = YES;
				CLANG_WARN_ENUM_CONVERSION = YES;
				CLANG_WARN_INFINITE_RECURSION = YES;
				CLANG_WARN_INT_CONVERSION = YES;
				CLANG_WARN_NON_LITERAL_NULL_CONVERSION = YES;
				CLANG_WARN_OBJC_IMPLICIT_RETAIN_SELF = YES;
				CLANG_WARN_OBJC_LITERAL_CONVERSION = YES;
				CLANG_WARN_OBJC_ROOT_CLASS = YES_ERROR;
				CLANG_WARN_QUOTED_INCLUDE_IN_FRAMEWORK_HEADER = YES;
				CLANG_WARN_RANGE_LOOP_ANALYSIS = YES;
				CLANG_WARN_STRICT_PROTOTYPES = YES;
				CLANG_WARN_SUSPICIOUS_MOVE = YES;
				CLANG_WARN_UNGUARDED_AVAILABILITY = YES_AGGRESSIVE;
				CLANG_WARN_UNREACHABLE_CODE = YES;
				CLANG_WARN__DUPLICATE_METHOD_MATCH = YES;
				COPY_PHASE_STRIP = NO;
				DEBUG_INFORMATION_FORMAT = "dwarf-with-dsym";
				ENABLE_NS_ASSERTIONS = NO;
				ENABLE_STRICT_OBJC_MSGSEND = YES;
				GCC_C_LANGUAGE_STANDARD = gnu11;
				GCC_NO_COMMON_BLOCKS = YES;
				GCC_WARN_64_TO_32_BIT_CONVERSION = YES;
				GCC_WARN_ABOUT_RETURN_TYPE = YES_ERROR;
				GCC_WARN_UNDECLARED_SELECTOR = YES;
				GCC_WARN_UNINITIALIZED_AUTOS = YES_AGGRESSIVE;
				GCC_WARN_UNUSED_FUNCTION = YES;
				GCC_WARN_UNUSED_VARIABLE = YES;
				IPHONEOS_DEPLOYMENT_TARGET = 16.2;
				MTL_ENABLE_DEBUG_INFO = NO;
				MTL_FAST_MATH = YES;
				SDKROOT = iphoneos;
				SWIFT_COMPILATION_MODE = wholemodule;
				SWIFT_OPTIMIZATION_LEVEL = "-O";
				VALIDATE_PRODUCT = YES;
			};
			name = Release;
		};
		331C213F2ACB6D39006879EF /* Debug */ = {
			isa = XCBuildConfiguration;
			buildSettings = {
				ASSETCATALOG_COMPILER_APPICON_NAME = AppIcon;
				ASSETCATALOG_COMPILER_GLOBAL_ACCENT_COLOR_NAME = AccentColor;
				CODE_SIGN_STYLE = Automatic;
				CURRENT_PROJECT_VERSION = 1;
				DEVELOPMENT_TEAM = NM254CW95N;
				GENERATE_INFOPLIST_FILE = YES;
				INFOPLIST_FILE = CryptoCrazyRxMVVM/Info.plist;
				INFOPLIST_KEY_UIApplicationSupportsIndirectInputEvents = YES;
				INFOPLIST_KEY_UILaunchStoryboardName = LaunchScreen;
				INFOPLIST_KEY_UIMainStoryboardFile = Main;
				INFOPLIST_KEY_UISupportedInterfaceOrientations_iPad = "UIInterfaceOrientationPortrait UIInterfaceOrientationPortraitUpsideDown UIInterfaceOrientationLandscapeLeft UIInterfaceOrientationLandscapeRight";
				INFOPLIST_KEY_UISupportedInterfaceOrientations_iPhone = "UIInterfaceOrientationPortrait UIInterfaceOrientationLandscapeLeft UIInterfaceOrientationLandscapeRight";
				LD_RUNPATH_SEARCH_PATHS = (
					"$(inherited)",
					"@executable_path/Frameworks",
				);
				MARKETING_VERSION = 1.0;
				PRODUCT_BUNDLE_IDENTIFIER = com.alperaslan.CryptoCrazyRxMVVM;
				PRODUCT_NAME = "$(TARGET_NAME)";
				SWIFT_EMIT_LOC_STRINGS = YES;
				SWIFT_VERSION = 5.0;
				TARGETED_DEVICE_FAMILY = "1,2";
			};
			name = Debug;
		};
		331C21402ACB6D39006879EF /* Release */ = {
			isa = XCBuildConfiguration;
			buildSettings = {
				ASSETCATALOG_COMPILER_APPICON_NAME = AppIcon;
				ASSETCATALOG_COMPILER_GLOBAL_ACCENT_COLOR_NAME = AccentColor;
				CODE_SIGN_STYLE = Automatic;
				CURRENT_PROJECT_VERSION = 1;
				DEVELOPMENT_TEAM = NM254CW95N;
				GENERATE_INFOPLIST_FILE = YES;
				INFOPLIST_FILE = CryptoCrazyRxMVVM/Info.plist;
				INFOPLIST_KEY_UIApplicationSupportsIndirectInputEvents = YES;
				INFOPLIST_KEY_UILaunchStoryboardName = LaunchScreen;
				INFOPLIST_KEY_UIMainStoryboardFile = Main;
				INFOPLIST_KEY_UISupportedInterfaceOrientations_iPad = "UIInterfaceOrientationPortrait UIInterfaceOrientationPortraitUpsideDown UIInterfaceOrientationLandscapeLeft UIInterfaceOrientationLandscapeRight";
				INFOPLIST_KEY_UISupportedInterfaceOrientations_iPhone = "UIInterfaceOrientationPortrait UIInterfaceOrientationLandscapeLeft UIInterfaceOrientationLandscapeRight";
				LD_RUNPATH_SEARCH_PATHS = (
					"$(inherited)",
					"@executable_path/Frameworks",
				);
				MARKETING_VERSION = 1.0;
				PRODUCT_BUNDLE_IDENTIFIER = com.alperaslan.CryptoCrazyRxMVVM;
				PRODUCT_NAME = "$(TARGET_NAME)";
				SWIFT_EMIT_LOC_STRINGS = YES;
				SWIFT_VERSION = 5.0;
				TARGETED_DEVICE_FAMILY = "1,2";
			};
			name = Release;
		};
/* End XCBuildConfiguration section */

/* Begin XCConfigurationList section */
		331C21252ACB6D38006879EF /* Build configuration list for PBXProject "CryptoCrazyRxMVVM" */ = {
			isa = XCConfigurationList;
			buildConfigurations = (
				331C213C2ACB6D39006879EF /* Debug */,
				331C213D2ACB6D39006879EF /* Release */,
			);
			defaultConfigurationIsVisible = 0;
			defaultConfigurationName = Release;
		};
		331C213E2ACB6D39006879EF /* Build configuration list for PBXNativeTarget "CryptoCrazyRxMVVM" */ = {
			isa = XCConfigurationList;
			buildConfigurations = (
				331C213F2ACB6D39006879EF /* Debug */,
				331C21402ACB6D39006879EF /* Release */,
			);
			defaultConfigurationIsVisible = 0;
			defaultConfigurationName = Release;
		};
/* End XCConfigurationList section */

/* Begin XCRemoteSwiftPackageReference section */
		331C218F2AD227AB006879EF /* XCRemoteSwiftPackageReference "RxSwift" */ = {
			isa = XCRemoteSwiftPackageReference;
			repositoryURL = "https://github.com/ReactiveX/RxSwift.git";
			requirement = {
				kind = upToNextMajorVersion;
				minimumVersion = 6.6.0;
			};
		};
/* End XCRemoteSwiftPackageReference section */

/* Begin XCSwiftPackageProductDependency section */
		331C21902AD227AB006879EF /* RxCocoa */ = {
			isa = XCSwiftPackageProductDependency;
			package = 331C218F2AD227AB006879EF /* XCRemoteSwiftPackageReference "RxSwift" */;
			productName = RxCocoa;
		};
		331C21922AD227AB006879EF /* RxSwift */ = {
			isa = XCSwiftPackageProductDependency;
			package = 331C218F2AD227AB006879EF /* XCRemoteSwiftPackageReference "RxSwift" */;
			productName = RxSwift;
		};
		331C21942AD227AB006879EF /* RxSwift-Dynamic */ = {
			isa = XCSwiftPackageProductDependency;
			package = 331C218F2AD227AB006879EF /* XCRemoteSwiftPackageReference "RxSwift" */;
			productName = "RxSwift-Dynamic";
		};
		331C21962AD227AB006879EF /* RxTest */ = {
			isa = XCSwiftPackageProductDependency;
			package = 331C218F2AD227AB006879EF /* XCRemoteSwiftPackageReference "RxSwift" */;
			productName = RxTest;
		};
/* End XCSwiftPackageProductDependency section */
	};
	rootObject = 331C21222ACB6D38006879EF /* Project object */;
}
